
Microsoft Visual Studio Solution File, Format Version 12.00
# Visual Studio Version 17
VisualStudioVersion = 17.9.34728.123
MinimumVisualStudioVersion = 10.0.40219.1
Project("{FAE04EC0-301F-11D3-BF4B-00C04F79EFBC}") = "BlazorApp1", "BlazorApp1\BlazorApp1.csproj", "{EF51B9C1-ADF1-49D5-B004-9D501BC00F96}"
EndProject
Global
	GlobalSection(SolutionConfigurationPlatforms) = preSolution
		Debug|Any CPU = Debug|Any CPU
		Release|Any CPU = Release|Any CPU
	EndGlobalSection
	GlobalSection(ProjectConfigurationPlatforms) = postSolution
		{EF51B9C1-ADF1-49D5-B004-9D501BC00F96}.Debug|Any CPU.ActiveCfg = Debug|Any CPU
		{EF51B9C1-ADF1-49D5-B004-9D501BC00F96}.Debug|Any CPU.Build.0 = Debug|Any CPU
		{EF51B9C1-ADF1-49D5-B004-9D501BC00F96}.Release|Any CPU.ActiveCfg = Release|Any CPU
		{EF51B9C1-ADF1-49D5-B004-9D501BC00F96}.Release|Any CPU.Build.0 = Release|Any CPU
	EndGlobalSection
	GlobalSection(SolutionProperties) = preSolution
		HideSolutionNode = FALSE
	EndGlobalSection
	GlobalSection(ExtensibilityGlobals) = postSolution
		SolutionGuid = {7626BDD5-7654-4335-9769-E6714639B08D}
	EndGlobalSection
EndGlobal
